
Microsoft Visual Studio Solution File, Format Version 12.00
# Visual Studio 2012
Project("{FAE04EC0-301F-11D3-BF4B-00C04F79EFBC}") = "performance - DDOS", "performance - DDOS\performance - DDOS.csproj", "{CB89F7D0-9B05-4969-84BF-B1A144C0B6CF}"
EndProject
Project("{FAE04EC0-301F-11D3-BF4B-00C04F79EFBC}") = "test", "test\test.csproj", "{98B199ED-BFCA-4B97-9C5D-1DE8D2407452}"
EndProject
Global
	GlobalSection(SolutionConfigurationPlatforms) = preSolution
		Debug|Any CPU = Debug|Any CPU
		Release|Any CPU = Release|Any CPU
	EndGlobalSection
	GlobalSection(ProjectConfigurationPlatforms) = postSolution
		{CB89F7D0-9B05-4969-84BF-B1A144C0B6CF}.Debug|Any CPU.ActiveCfg = Debug|Any CPU
		{CB89F7D0-9B05-4969-84BF-B1A144C0B6CF}.Debug|Any CPU.Build.0 = Debug|Any CPU
		{CB89F7D0-9B05-4969-84BF-B1A144C0B6CF}.Release|Any CPU.ActiveCfg = Release|Any CPU
		{CB89F7D0-9B05-4969-84BF-B1A144C0B6CF}.Release|Any CPU.Build.0 = Release|Any CPU
		{98B199ED-BFCA-4B97-9C5D-1DE8D2407452}.Debug|Any CPU.ActiveCfg = Debug|Any CPU
		{98B199ED-BFCA-4B97-9C5D-1DE8D2407452}.Debug|Any CPU.Build.0 = Debug|Any CPU
		{98B199ED-BFCA-4B97-9C5D-1DE8D2407452}.Release|Any CPU.ActiveCfg = Release|Any CPU
		{98B199ED-BFCA-4B97-9C5D-1DE8D2407452}.Release|Any CPU.Build.0 = Release|Any CPU
	EndGlobalSection
	GlobalSection(SolutionProperties) = preSolution
		HideSolutionNode = FALSE
	EndGlobalSection
EndGlobal
